
Microsoft Visual Studio Solution File, Format Version 12.00
# Visual Studio Version 17
VisualStudioVersion = 17.8.34316.72
MinimumVisualStudioVersion = 10.0.40219.1
Project("{8BC9CEB8-8B4A-11D0-8D11-00A0C91BC942}") = "base", "base\base.vcxproj", "{1E979751-78B0-4438-861E-3DC7BE8BF102}"
	ProjectSection(ProjectDependencies) = postProject
		{4CB6C740-6994-455E-B902-BED18593A6A9} = {4CB6C740-6994-455E-B902-BED18593A6A9}
	EndProjectSection
EndProject
Project("{8BC9CEB8-8B4A-11D0-8D11-00A0C91BC942}") = "enet_client", "enet_client\enet_client.vcxproj", "{5C4F498A-338B-41F6-8A44-D184320BDE08}"
	ProjectSection(ProjectDependencies) = postProject
		{1E979751-78B0-4438-861E-3DC7BE8BF102} = {1E979751-78B0-4438-861E-3DC7BE8BF102}
		{4CB6C740-6994-455E-B902-BED18593A6A9} = {4CB6C740-6994-455E-B902-BED18593A6A9}
	EndProjectSection
EndProject
Project("{8BC9CEB8-8B4A-11D0-8D11-00A0C91BC942}") = "enet", "enet\enet.vcxproj", "{4CB6C740-6994-455E-B902-BED18593A6A9}"
EndProject
Project("{8BC9CEB8-8B4A-11D0-8D11-00A0C91BC942}") = "etcp_client", "etcp_client\etcp_client.vcxproj", "{ADE0337A-3697-4B3D-9DF1-FD239B81F043}"
	ProjectSection(ProjectDependencies) = postProject
		{1E979751-78B0-4438-861E-3DC7BE8BF102} = {1E979751-78B0-4438-861E-3DC7BE8BF102}
		{4CB6C740-6994-455E-B902-BED18593A6A9} = {4CB6C740-6994-455E-B902-BED18593A6A9}
		{5C4F498A-338B-41F6-8A44-D184320BDE08} = {5C4F498A-338B-41F6-8A44-D184320BDE08}
	EndProjectSection
EndProject
Project("{8BC9CEB8-8B4A-11D0-8D11-00A0C91BC942}") = "etcp_server", "etcp_server\etcp_server.vcxproj", "{07E60E8A-E9E3-44D0-A2BE-07B9A597AC06}"
	ProjectSection(ProjectDependencies) = postProject
		{1E979751-78B0-4438-861E-3DC7BE8BF102} = {1E979751-78B0-4438-861E-3DC7BE8BF102}
		{4CB6C740-6994-455E-B902-BED18593A6A9} = {4CB6C740-6994-455E-B902-BED18593A6A9}
		{5C4F498A-338B-41F6-8A44-D184320BDE08} = {5C4F498A-338B-41F6-8A44-D184320BDE08}
		{ADE0337A-3697-4B3D-9DF1-FD239B81F043} = {ADE0337A-3697-4B3D-9DF1-FD239B81F043}
	EndProjectSection
EndProject
Project("{8BC9CEB8-8B4A-11D0-8D11-00A0C91BC942}") = "http_client", "http_client\http_client.vcxproj", "{2D443FB1-5BBD-4F03-9AC9-11B219C99EB4}"
	ProjectSection(ProjectDependencies) = postProject
		{07E60E8A-E9E3-44D0-A2BE-07B9A597AC06} = {07E60E8A-E9E3-44D0-A2BE-07B9A597AC06}
		{1E979751-78B0-4438-861E-3DC7BE8BF102} = {1E979751-78B0-4438-861E-3DC7BE8BF102}
		{4CB6C740-6994-455E-B902-BED18593A6A9} = {4CB6C740-6994-455E-B902-BED18593A6A9}
		{5C4F498A-338B-41F6-8A44-D184320BDE08} = {5C4F498A-338B-41F6-8A44-D184320BDE08}
		{ADE0337A-3697-4B3D-9DF1-FD239B81F043} = {ADE0337A-3697-4B3D-9DF1-FD239B81F043}
	EndProjectSection
EndProject
Project("{8BC9CEB8-8B4A-11D0-8D11-00A0C91BC942}") = "http_request", "http_request\http_request.vcxproj", "{CF38A627-1817-4935-AFEE-0C37A20375BD}"
	ProjectSection(ProjectDependencies) = postProject
		{07E60E8A-E9E3-44D0-A2BE-07B9A597AC06} = {07E60E8A-E9E3-44D0-A2BE-07B9A597AC06}
		{1E979751-78B0-4438-861E-3DC7BE8BF102} = {1E979751-78B0-4438-861E-3DC7BE8BF102}
		{2D443FB1-5BBD-4F03-9AC9-11B219C99EB4} = {2D443FB1-5BBD-4F03-9AC9-11B219C99EB4}
		{4CB6C740-6994-455E-B902-BED18593A6A9} = {4CB6C740-6994-455E-B902-BED18593A6A9}
		{5C4F498A-338B-41F6-8A44-D184320BDE08} = {5C4F498A-338B-41F6-8A44-D184320BDE08}
		{ADE0337A-3697-4B3D-9DF1-FD239B81F043} = {ADE0337A-3697-4B3D-9DF1-FD239B81F043}
	EndProjectSection
EndProject
Project("{8BC9CEB8-8B4A-11D0-8D11-00A0C91BC942}") = "json_helper", "json_helper\json_helper.vcxproj", "{0E4AEA7C-7D6C-4EE7-A2B7-7C9642126C23}"
	ProjectSection(ProjectDependencies) = postProject
		{07E60E8A-E9E3-44D0-A2BE-07B9A597AC06} = {07E60E8A-E9E3-44D0-A2BE-07B9A597AC06}
		{1E979751-78B0-4438-861E-3DC7BE8BF102} = {1E979751-78B0-4438-861E-3DC7BE8BF102}
		{2D443FB1-5BBD-4F03-9AC9-11B219C99EB4} = {2D443FB1-5BBD-4F03-9AC9-11B219C99EB4}
		{4CB6C740-6994-455E-B902-BED18593A6A9} = {4CB6C740-6994-455E-B902-BED18593A6A9}
		{5C4F498A-338B-41F6-8A44-D184320BDE08} = {5C4F498A-338B-41F6-8A44-D184320BDE08}
		{ADE0337A-3697-4B3D-9DF1-FD239B81F043} = {ADE0337A-3697-4B3D-9DF1-FD239B81F043}
		{CF38A627-1817-4935-AFEE-0C37A20375BD} = {CF38A627-1817-4935-AFEE-0C37A20375BD}
	EndProjectSection
EndProject
Project("{8BC9CEB8-8B4A-11D0-8D11-00A0C91BC942}") = "multicast_helper", "multicast_helper\multicast_helper.vcxproj", "{5AF2E272-3922-40C1-8A58-F824BA2774AE}"
	ProjectSection(ProjectDependencies) = postProject
		{07E60E8A-E9E3-44D0-A2BE-07B9A597AC06} = {07E60E8A-E9E3-44D0-A2BE-07B9A597AC06}
		{0E4AEA7C-7D6C-4EE7-A2B7-7C9642126C23} = {0E4AEA7C-7D6C-4EE7-A2B7-7C9642126C23}
		{1E979751-78B0-4438-861E-3DC7BE8BF102} = {1E979751-78B0-4438-861E-3DC7BE8BF102}
		{2D443FB1-5BBD-4F03-9AC9-11B219C99EB4} = {2D443FB1-5BBD-4F03-9AC9-11B219C99EB4}
		{4CB6C740-6994-455E-B902-BED18593A6A9} = {4CB6C740-6994-455E-B902-BED18593A6A9}
		{5C4F498A-338B-41F6-8A44-D184320BDE08} = {5C4F498A-338B-41F6-8A44-D184320BDE08}
		{ADE0337A-3697-4B3D-9DF1-FD239B81F043} = {ADE0337A-3697-4B3D-9DF1-FD239B81F043}
		{CF38A627-1817-4935-AFEE-0C37A20375BD} = {CF38A627-1817-4935-AFEE-0C37A20375BD}
	EndProjectSection
EndProject
Project("{8BC9CEB8-8B4A-11D0-8D11-00A0C91BC942}") = "string_codec", "string_codec\string_codec.vcxproj", "{7C7B0ABF-6757-4C5A-ABCB-85FA09C96399}"
	ProjectSection(ProjectDependencies) = postProject
		{07E60E8A-E9E3-44D0-A2BE-07B9A597AC06} = {07E60E8A-E9E3-44D0-A2BE-07B9A597AC06}
		{0E4AEA7C-7D6C-4EE7-A2B7-7C9642126C23} = {0E4AEA7C-7D6C-4EE7-A2B7-7C9642126C23}
		{1E979751-78B0-4438-861E-3DC7BE8BF102} = {1E979751-78B0-4438-861E-3DC7BE8BF102}
		{2D443FB1-5BBD-4F03-9AC9-11B219C99EB4} = {2D443FB1-5BBD-4F03-9AC9-11B219C99EB4}
		{4CB6C740-6994-455E-B902-BED18593A6A9} = {4CB6C740-6994-455E-B902-BED18593A6A9}
		{5AF2E272-3922-40C1-8A58-F824BA2774AE} = {5AF2E272-3922-40C1-8A58-F824BA2774AE}
		{5C4F498A-338B-41F6-8A44-D184320BDE08} = {5C4F498A-338B-41F6-8A44-D184320BDE08}
		{ADE0337A-3697-4B3D-9DF1-FD239B81F043} = {ADE0337A-3697-4B3D-9DF1-FD239B81F043}
		{CF38A627-1817-4935-AFEE-0C37A20375BD} = {CF38A627-1817-4935-AFEE-0C37A20375BD}
	EndProjectSection
EndProject
Project("{8BC9CEB8-8B4A-11D0-8D11-00A0C91BC942}") = "tcp_forward_server", "tcp_forward_server\tcp_forward_server.vcxproj", "{04C7676C-CB7C-4D4A-BDD5-8F0F6C6BBEA4}"
	ProjectSection(ProjectDependencies) = postProject
		{07E60E8A-E9E3-44D0-A2BE-07B9A597AC06} = {07E60E8A-E9E3-44D0-A2BE-07B9A597AC06}
		{0E4AEA7C-7D6C-4EE7-A2B7-7C9642126C23} = {0E4AEA7C-7D6C-4EE7-A2B7-7C9642126C23}
		{1E979751-78B0-4438-861E-3DC7BE8BF102} = {1E979751-78B0-4438-861E-3DC7BE8BF102}
		{2D443FB1-5BBD-4F03-9AC9-11B219C99EB4} = {2D443FB1-5BBD-4F03-9AC9-11B219C99EB4}
		{4CB6C740-6994-455E-B902-BED18593A6A9} = {4CB6C740-6994-455E-B902-BED18593A6A9}
		{5AF2E272-3922-40C1-8A58-F824BA2774AE} = {5AF2E272-3922-40C1-8A58-F824BA2774AE}
		{5C4F498A-338B-41F6-8A44-D184320BDE08} = {5C4F498A-338B-41F6-8A44-D184320BDE08}
		{7C7B0ABF-6757-4C5A-ABCB-85FA09C96399} = {7C7B0ABF-6757-4C5A-ABCB-85FA09C96399}
		{ADE0337A-3697-4B3D-9DF1-FD239B81F043} = {ADE0337A-3697-4B3D-9DF1-FD239B81F043}
		{CF38A627-1817-4935-AFEE-0C37A20375BD} = {CF38A627-1817-4935-AFEE-0C37A20375BD}
	EndProjectSection
EndProject
Project("{8BC9CEB8-8B4A-11D0-8D11-00A0C91BC942}") = "tcp_gateway_server", "tcp_gateway_server\tcp_gateway_server.vcxproj", "{6EE42070-83D0-426B-921F-9BF1992B1937}"
	ProjectSection(ProjectDependencies) = postProject
		{04C7676C-CB7C-4D4A-BDD5-8F0F6C6BBEA4} = {04C7676C-CB7C-4D4A-BDD5-8F0F6C6BBEA4}
		{07E60E8A-E9E3-44D0-A2BE-07B9A597AC06} = {07E60E8A-E9E3-44D0-A2BE-07B9A597AC06}
		{0E4AEA7C-7D6C-4EE7-A2B7-7C9642126C23} = {0E4AEA7C-7D6C-4EE7-A2B7-7C9642126C23}
		{1E979751-78B0-4438-861E-3DC7BE8BF102} = {1E979751-78B0-4438-861E-3DC7BE8BF102}
		{2D443FB1-5BBD-4F03-9AC9-11B219C99EB4} = {2D443FB1-5BBD-4F03-9AC9-11B219C99EB4}
		{4CB6C740-6994-455E-B902-BED18593A6A9} = {4CB6C740-6994-455E-B902-BED18593A6A9}
		{5AF2E272-3922-40C1-8A58-F824BA2774AE} = {5AF2E272-3922-40C1-8A58-F824BA2774AE}
		{5C4F498A-338B-41F6-8A44-D184320BDE08} = {5C4F498A-338B-41F6-8A44-D184320BDE08}
		{7C7B0ABF-6757-4C5A-ABCB-85FA09C96399} = {7C7B0ABF-6757-4C5A-ABCB-85FA09C96399}
		{ADE0337A-3697-4B3D-9DF1-FD239B81F043} = {ADE0337A-3697-4B3D-9DF1-FD239B81F043}
		{CF38A627-1817-4935-AFEE-0C37A20375BD} = {CF38A627-1817-4935-AFEE-0C37A20375BD}
	EndProjectSection
EndProject
Project("{8BC9CEB8-8B4A-11D0-8D11-00A0C91BC942}") = "websocket_client", "websocket_client\websocket_client.vcxproj", "{51220959-5B32-411A-ABB5-FB838478DEEE}"
	ProjectSection(ProjectDependencies) = postProject
		{04C7676C-CB7C-4D4A-BDD5-8F0F6C6BBEA4} = {04C7676C-CB7C-4D4A-BDD5-8F0F6C6BBEA4}
		{07E60E8A-E9E3-44D0-A2BE-07B9A597AC06} = {07E60E8A-E9E3-44D0-A2BE-07B9A597AC06}
		{0E4AEA7C-7D6C-4EE7-A2B7-7C9642126C23} = {0E4AEA7C-7D6C-4EE7-A2B7-7C9642126C23}
		{1E979751-78B0-4438-861E-3DC7BE8BF102} = {1E979751-78B0-4438-861E-3DC7BE8BF102}
		{2D443FB1-5BBD-4F03-9AC9-11B219C99EB4} = {2D443FB1-5BBD-4F03-9AC9-11B219C99EB4}
		{4CB6C740-6994-455E-B902-BED18593A6A9} = {4CB6C740-6994-455E-B902-BED18593A6A9}
		{5AF2E272-3922-40C1-8A58-F824BA2774AE} = {5AF2E272-3922-40C1-8A58-F824BA2774AE}
		{5C4F498A-338B-41F6-8A44-D184320BDE08} = {5C4F498A-338B-41F6-8A44-D184320BDE08}
		{6EE42070-83D0-426B-921F-9BF1992B1937} = {6EE42070-83D0-426B-921F-9BF1992B1937}
		{7C7B0ABF-6757-4C5A-ABCB-85FA09C96399} = {7C7B0ABF-6757-4C5A-ABCB-85FA09C96399}
		{ADE0337A-3697-4B3D-9DF1-FD239B81F043} = {ADE0337A-3697-4B3D-9DF1-FD239B81F043}
		{CF38A627-1817-4935-AFEE-0C37A20375BD} = {CF38A627-1817-4935-AFEE-0C37A20375BD}
	EndProjectSection
EndProject
Project("{8BC9CEB8-8B4A-11D0-8D11-00A0C91BC942}") = "wutnet_client", "wutnet_client\wutnet_client.vcxproj", "{73E3DF74-8654-42EF-B645-F3ADF45EABD7}"
	ProjectSection(ProjectDependencies) = postProject
		{04C7676C-CB7C-4D4A-BDD5-8F0F6C6BBEA4} = {04C7676C-CB7C-4D4A-BDD5-8F0F6C6BBEA4}
		{07E60E8A-E9E3-44D0-A2BE-07B9A597AC06} = {07E60E8A-E9E3-44D0-A2BE-07B9A597AC06}
		{0E4AEA7C-7D6C-4EE7-A2B7-7C9642126C23} = {0E4AEA7C-7D6C-4EE7-A2B7-7C9642126C23}
		{1E979751-78B0-4438-861E-3DC7BE8BF102} = {1E979751-78B0-4438-861E-3DC7BE8BF102}
		{2D443FB1-5BBD-4F03-9AC9-11B219C99EB4} = {2D443FB1-5BBD-4F03-9AC9-11B219C99EB4}
		{4CB6C740-6994-455E-B902-BED18593A6A9} = {4CB6C740-6994-455E-B902-BED18593A6A9}
		{51220959-5B32-411A-ABB5-FB838478DEEE} = {51220959-5B32-411A-ABB5-FB838478DEEE}
		{5AF2E272-3922-40C1-8A58-F824BA2774AE} = {5AF2E272-3922-40C1-8A58-F824BA2774AE}
		{5C4F498A-338B-41F6-8A44-D184320BDE08} = {5C4F498A-338B-41F6-8A44-D184320BDE08}
		{6EE42070-83D0-426B-921F-9BF1992B1937} = {6EE42070-83D0-426B-921F-9BF1992B1937}
		{7C7B0ABF-6757-4C5A-ABCB-85FA09C96399} = {7C7B0ABF-6757-4C5A-ABCB-85FA09C96399}
		{ADE0337A-3697-4B3D-9DF1-FD239B81F043} = {ADE0337A-3697-4B3D-9DF1-FD239B81F043}
		{CF38A627-1817-4935-AFEE-0C37A20375BD} = {CF38A627-1817-4935-AFEE-0C37A20375BD}
	EndProjectSection
EndProject
Global
	GlobalSection(SolutionConfigurationPlatforms) = preSolution
		dll_debug|x64 = dll_debug|x64
		dll_debug|x86 = dll_debug|x86
		dll_release|x64 = dll_release|x64
		dll_release|x86 = dll_release|x86
		lib_debug|x64 = lib_debug|x64
		lib_debug|x86 = lib_debug|x86
		lib_release|x64 = lib_release|x64
		lib_release|x86 = lib_release|x86
	EndGlobalSection
	GlobalSection(ProjectConfigurationPlatforms) = postSolution
		{1E979751-78B0-4438-861E-3DC7BE8BF102}.dll_debug|x64.ActiveCfg = dll_debug|x64
		{1E979751-78B0-4438-861E-3DC7BE8BF102}.dll_debug|x64.Build.0 = dll_debug|x64
		{1E979751-78B0-4438-861E-3DC7BE8BF102}.dll_debug|x86.ActiveCfg = dll_debug|Win32
		{1E979751-78B0-4438-861E-3DC7BE8BF102}.dll_debug|x86.Build.0 = dll_debug|Win32
		{1E979751-78B0-4438-861E-3DC7BE8BF102}.dll_release|x64.ActiveCfg = dll_release|x64
		{1E979751-78B0-4438-861E-3DC7BE8BF102}.dll_release|x64.Build.0 = dll_release|x64
		{1E979751-78B0-4438-861E-3DC7BE8BF102}.dll_release|x86.ActiveCfg = dll_release|Win32
		{1E979751-78B0-4438-861E-3DC7BE8BF102}.dll_release|x86.Build.0 = dll_release|Win32
		{1E979751-78B0-4438-861E-3DC7BE8BF102}.lib_debug|x64.ActiveCfg = lib_debug|x64
		{1E979751-78B0-4438-861E-3DC7BE8BF102}.lib_debug|x64.Build.0 = lib_debug|x64
		{1E979751-78B0-4438-861E-3DC7BE8BF102}.lib_debug|x86.ActiveCfg = lib_debug|Win32
		{1E979751-78B0-4438-861E-3DC7BE8BF102}.lib_debug|x86.Build.0 = lib_debug|Win32
		{1E979751-78B0-4438-861E-3DC7BE8BF102}.lib_release|x64.ActiveCfg = lib_release|x64
		{1E979751-78B0-4438-861E-3DC7BE8BF102}.lib_release|x64.Build.0 = lib_release|x64
		{1E979751-78B0-4438-861E-3DC7BE8BF102}.lib_release|x86.ActiveCfg = lib_release|Win32
		{1E979751-78B0-4438-861E-3DC7BE8BF102}.lib_release|x86.Build.0 = lib_release|Win32
		{5C4F498A-338B-41F6-8A44-D184320BDE08}.dll_debug|x64.ActiveCfg = dll_debug|x64
		{5C4F498A-338B-41F6-8A44-D184320BDE08}.dll_debug|x64.Build.0 = dll_debug|x64
		{5C4F498A-338B-41F6-8A44-D184320BDE08}.dll_debug|x86.ActiveCfg = dll_debug|Win32
		{5C4F498A-338B-41F6-8A44-D184320BDE08}.dll_debug|x86.Build.0 = dll_debug|Win32
		{5C4F498A-338B-41F6-8A44-D184320BDE08}.dll_release|x64.ActiveCfg = dll_release|x64
		{5C4F498A-338B-41F6-8A44-D184320BDE08}.dll_release|x64.Build.0 = dll_release|x64
		{5C4F498A-338B-41F6-8A44-D184320BDE08}.dll_release|x86.ActiveCfg = dll_release|Win32
		{5C4F498A-338B-41F6-8A44-D184320BDE08}.dll_release|x86.Build.0 = dll_release|Win32
		{5C4F498A-338B-41F6-8A44-D184320BDE08}.lib_debug|x64.ActiveCfg = lib_debug|x64
		{5C4F498A-338B-41F6-8A44-D184320BDE08}.lib_debug|x64.Build.0 = lib_debug|x64
		{5C4F498A-338B-41F6-8A44-D184320BDE08}.lib_debug|x86.ActiveCfg = lib_debug|Win32
		{5C4F498A-338B-41F6-8A44-D184320BDE08}.lib_debug|x86.Build.0 = lib_debug|Win32
		{5C4F498A-338B-41F6-8A44-D184320BDE08}.lib_release|x64.ActiveCfg = lib_release|x64
		{5C4F498A-338B-41F6-8A44-D184320BDE08}.lib_release|x64.Build.0 = lib_release|x64
		{5C4F498A-338B-41F6-8A44-D184320BDE08}.lib_release|x86.ActiveCfg = lib_release|Win32
		{5C4F498A-338B-41F6-8A44-D184320BDE08}.lib_release|x86.Build.0 = lib_release|Win32
		{4CB6C740-6994-455E-B902-BED18593A6A9}.dll_debug|x64.ActiveCfg = dll_debug|x64
		{4CB6C740-6994-455E-B902-BED18593A6A9}.dll_debug|x64.Build.0 = dll_debug|x64
		{4CB6C740-6994-455E-B902-BED18593A6A9}.dll_debug|x86.ActiveCfg = dll_debug|Win32
		{4CB6C740-6994-455E-B902-BED18593A6A9}.dll_debug|x86.Build.0 = dll_debug|Win32
		{4CB6C740-6994-455E-B902-BED18593A6A9}.dll_release|x64.ActiveCfg = dll_release|x64
		{4CB6C740-6994-455E-B902-BED18593A6A9}.dll_release|x64.Build.0 = dll_release|x64
		{4CB6C740-6994-455E-B902-BED18593A6A9}.dll_release|x86.ActiveCfg = dll_release|Win32
		{4CB6C740-6994-455E-B902-BED18593A6A9}.dll_release|x86.Build.0 = dll_release|Win32
		{4CB6C740-6994-455E-B902-BED18593A6A9}.lib_debug|x64.ActiveCfg = lib_debug|x64
		{4CB6C740-6994-455E-B902-BED18593A6A9}.lib_debug|x64.Build.0 = lib_debug|x64
		{4CB6C740-6994-455E-B902-BED18593A6A9}.lib_debug|x86.ActiveCfg = lib_debug|Win32
		{4CB6C740-6994-455E-B902-BED18593A6A9}.lib_debug|x86.Build.0 = lib_debug|Win32
		{4CB6C740-6994-455E-B902-BED18593A6A9}.lib_release|x64.ActiveCfg = lib_release|x64
		{4CB6C740-6994-455E-B902-BED18593A6A9}.lib_release|x64.Build.0 = lib_release|x64
		{4CB6C740-6994-455E-B902-BED18593A6A9}.lib_release|x86.ActiveCfg = lib_release|Win32
		{4CB6C740-6994-455E-B902-BED18593A6A9}.lib_release|x86.Build.0 = lib_release|Win32
		{ADE0337A-3697-4B3D-9DF1-FD239B81F043}.dll_debug|x64.ActiveCfg = dll_debug|x64
		{ADE0337A-3697-4B3D-9DF1-FD239B81F043}.dll_debug|x64.Build.0 = dll_debug|x64
		{ADE0337A-3697-4B3D-9DF1-FD239B81F043}.dll_debug|x86.ActiveCfg = dll_debug|Win32
		{ADE0337A-3697-4B3D-9DF1-FD239B81F043}.dll_debug|x86.Build.0 = dll_debug|Win32
		{ADE0337A-3697-4B3D-9DF1-FD239B81F043}.dll_release|x64.ActiveCfg = dll_release|x64
		{ADE0337A-3697-4B3D-9DF1-FD239B81F043}.dll_release|x64.Build.0 = dll_release|x64
		{ADE0337A-3697-4B3D-9DF1-FD239B81F043}.dll_release|x86.ActiveCfg = dll_release|Win32
		{ADE0337A-3697-4B3D-9DF1-FD239B81F043}.dll_release|x86.Build.0 = dll_release|Win32
		{ADE0337A-3697-4B3D-9DF1-FD239B81F043}.lib_debug|x64.ActiveCfg = lib_debug|x64
		{ADE0337A-3697-4B3D-9DF1-FD239B81F043}.lib_debug|x64.Build.0 = lib_debug|x64
		{ADE0337A-3697-4B3D-9DF1-FD239B81F043}.lib_debug|x86.ActiveCfg = lib_debug|Win32
		{ADE0337A-3697-4B3D-9DF1-FD239B81F043}.lib_debug|x86.Build.0 = lib_debug|Win32
		{ADE0337A-3697-4B3D-9DF1-FD239B81F043}.lib_release|x64.ActiveCfg = lib_release|x64
		{ADE0337A-3697-4B3D-9DF1-FD239B81F043}.lib_release|x64.Build.0 = lib_release|x64
		{ADE0337A-3697-4B3D-9DF1-FD239B81F043}.lib_release|x86.ActiveCfg = lib_release|Win32
		{ADE0337A-3697-4B3D-9DF1-FD239B81F043}.lib_release|x86.Build.0 = lib_release|Win32
		{07E60E8A-E9E3-44D0-A2BE-07B9A597AC06}.dll_debug|x64.ActiveCfg = dll_debug|x64
		{07E60E8A-E9E3-44D0-A2BE-07B9A597AC06}.dll_debug|x64.Build.0 = dll_debug|x64
		{07E60E8A-E9E3-44D0-A2BE-07B9A597AC06}.dll_debug|x86.ActiveCfg = dll_debug|Win32
		{07E60E8A-E9E3-44D0-A2BE-07B9A597AC06}.dll_debug|x86.Build.0 = dll_debug|Win32
		{07E60E8A-E9E3-44D0-A2BE-07B9A597AC06}.dll_release|x64.ActiveCfg = dll_release|x64
		{07E60E8A-E9E3-44D0-A2BE-07B9A597AC06}.dll_release|x64.Build.0 = dll_release|x64
		{07E60E8A-E9E3-44D0-A2BE-07B9A597AC06}.dll_release|x86.ActiveCfg = dll_release|Win32
		{07E60E8A-E9E3-44D0-A2BE-07B9A597AC06}.dll_release|x86.Build.0 = dll_release|Win32
		{07E60E8A-E9E3-44D0-A2BE-07B9A597AC06}.lib_debug|x64.ActiveCfg = lib_debug|x64
		{07E60E8A-E9E3-44D0-A2BE-07B9A597AC06}.lib_debug|x64.Build.0 = lib_debug|x64
		{07E60E8A-E9E3-44D0-A2BE-07B9A597AC06}.lib_debug|x86.ActiveCfg = lib_debug|Win32
		{07E60E8A-E9E3-44D0-A2BE-07B9A597AC06}.lib_debug|x86.Build.0 = lib_debug|Win32
		{07E60E8A-E9E3-44D0-A2BE-07B9A597AC06}.lib_release|x64.ActiveCfg = lib_release|x64
		{07E60E8A-E9E3-44D0-A2BE-07B9A597AC06}.lib_release|x64.Build.0 = lib_release|x64
		{07E60E8A-E9E3-44D0-A2BE-07B9A597AC06}.lib_release|x86.ActiveCfg = lib_release|Win32
		{07E60E8A-E9E3-44D0-A2BE-07B9A597AC06}.lib_release|x86.Build.0 = lib_release|Win32
		{2D443FB1-5BBD-4F03-9AC9-11B219C99EB4}.dll_debug|x64.ActiveCfg = dll_debug|x64
		{2D443FB1-5BBD-4F03-9AC9-11B219C99EB4}.dll_debug|x64.Build.0 = dll_debug|x64
		{2D443FB1-5BBD-4F03-9AC9-11B219C99EB4}.dll_debug|x86.ActiveCfg = dll_debug|Win32
		{2D443FB1-5BBD-4F03-9AC9-11B219C99EB4}.dll_debug|x86.Build.0 = dll_debug|Win32
		{2D443FB1-5BBD-4F03-9AC9-11B219C99EB4}.dll_release|x64.ActiveCfg = dll_release|x64
		{2D443FB1-5BBD-4F03-9AC9-11B219C99EB4}.dll_release|x64.Build.0 = dll_release|x64
		{2D443FB1-5BBD-4F03-9AC9-11B219C99EB4}.dll_release|x86.ActiveCfg = dll_release|Win32
		{2D443FB1-5BBD-4F03-9AC9-11B219C99EB4}.dll_release|x86.Build.0 = dll_release|Win32
		{2D443FB1-5BBD-4F03-9AC9-11B219C99EB4}.lib_debug|x64.ActiveCfg = lib_debug|x64
		{2D443FB1-5BBD-4F03-9AC9-11B219C99EB4}.lib_debug|x64.Build.0 = lib_debug|x64
		{2D443FB1-5BBD-4F03-9AC9-11B219C99EB4}.lib_debug|x86.ActiveCfg = lib_debug|Win32
		{2D443FB1-5BBD-4F03-9AC9-11B219C99EB4}.lib_debug|x86.Build.0 = lib_debug|Win32
		{2D443FB1-5BBD-4F03-9AC9-11B219C99EB4}.lib_release|x64.ActiveCfg = lib_release|x64
		{2D443FB1-5BBD-4F03-9AC9-11B219C99EB4}.lib_release|x64.Build.0 = lib_release|x64
		{2D443FB1-5BBD-4F03-9AC9-11B219C99EB4}.lib_release|x86.ActiveCfg = lib_release|Win32
		{2D443FB1-5BBD-4F03-9AC9-11B219C99EB4}.lib_release|x86.Build.0 = lib_release|Win32
		{CF38A627-1817-4935-AFEE-0C37A20375BD}.dll_debug|x64.ActiveCfg = dll_debug|x64
		{CF38A627-1817-4935-AFEE-0C37A20375BD}.dll_debug|x64.Build.0 = dll_debug|x64
		{CF38A627-1817-4935-AFEE-0C37A20375BD}.dll_debug|x86.ActiveCfg = dll_debug|Win32
		{CF38A627-1817-4935-AFEE-0C37A20375BD}.dll_debug|x86.Build.0 = dll_debug|Win32
		{CF38A627-1817-4935-AFEE-0C37A20375BD}.dll_release|x64.ActiveCfg = dll_release|x64
		{CF38A627-1817-4935-AFEE-0C37A20375BD}.dll_release|x64.Build.0 = dll_release|x64
		{CF38A627-1817-4935-AFEE-0C37A20375BD}.dll_release|x86.ActiveCfg = dll_release|Win32
		{CF38A627-1817-4935-AFEE-0C37A20375BD}.dll_release|x86.Build.0 = dll_release|Win32
		{CF38A627-1817-4935-AFEE-0C37A20375BD}.lib_debug|x64.ActiveCfg = lib_debug|x64
		{CF38A627-1817-4935-AFEE-0C37A20375BD}.lib_debug|x64.Build.0 = lib_debug|x64
		{CF38A627-1817-4935-AFEE-0C37A20375BD}.lib_debug|x86.ActiveCfg = lib_debug|Win32
		{CF38A627-1817-4935-AFEE-0C37A20375BD}.lib_debug|x86.Build.0 = lib_debug|Win32
		{CF38A627-1817-4935-AFEE-0C37A20375BD}.lib_release|x64.ActiveCfg = lib_release|x64
		{CF38A627-1817-4935-AFEE-0C37A20375BD}.lib_release|x64.Build.0 = lib_release|x64
		{CF38A627-1817-4935-AFEE-0C37A20375BD}.lib_release|x86.ActiveCfg = lib_release|Win32
		{CF38A627-1817-4935-AFEE-0C37A20375BD}.lib_release|x86.Build.0 = lib_release|Win32
		{0E4AEA7C-7D6C-4EE7-A2B7-7C9642126C23}.dll_debug|x64.ActiveCfg = dll_debug|x64
		{0E4AEA7C-7D6C-4EE7-A2B7-7C9642126C23}.dll_debug|x64.Build.0 = dll_debug|x64
		{0E4AEA7C-7D6C-4EE7-A2B7-7C9642126C23}.dll_debug|x86.ActiveCfg = dll_debug|Win32
		{0E4AEA7C-7D6C-4EE7-A2B7-7C9642126C23}.dll_debug|x86.Build.0 = dll_debug|Win32
		{0E4AEA7C-7D6C-4EE7-A2B7-7C9642126C23}.dll_release|x64.ActiveCfg = dll_release|x64
		{0E4AEA7C-7D6C-4EE7-A2B7-7C9642126C23}.dll_release|x64.Build.0 = dll_release|x64
		{0E4AEA7C-7D6C-4EE7-A2B7-7C9642126C23}.dll_release|x86.ActiveCfg = dll_release|Win32
		{0E4AEA7C-7D6C-4EE7-A2B7-7C9642126C23}.dll_release|x86.Build.0 = dll_release|Win32
		{0E4AEA7C-7D6C-4EE7-A2B7-7C9642126C23}.lib_debug|x64.ActiveCfg = lib_debug|x64
		{0E4AEA7C-7D6C-4EE7-A2B7-7C9642126C23}.lib_debug|x64.Build.0 = lib_debug|x64
		{0E4AEA7C-7D6C-4EE7-A2B7-7C9642126C23}.lib_debug|x86.ActiveCfg = lib_debug|Win32
		{0E4AEA7C-7D6C-4EE7-A2B7-7C9642126C23}.lib_debug|x86.Build.0 = lib_debug|Win32
		{0E4AEA7C-7D6C-4EE7-A2B7-7C9642126C23}.lib_release|x64.ActiveCfg = lib_release|x64
		{0E4AEA7C-7D6C-4EE7-A2B7-7C9642126C23}.lib_release|x64.Build.0 = lib_release|x64
		{0E4AEA7C-7D6C-4EE7-A2B7-7C9642126C23}.lib_release|x86.ActiveCfg = lib_release|Win32
		{0E4AEA7C-7D6C-4EE7-A2B7-7C9642126C23}.lib_release|x86.Build.0 = lib_release|Win32
		{5AF2E272-3922-40C1-8A58-F824BA2774AE}.dll_debug|x64.ActiveCfg = dll_debug|x64
		{5AF2E272-3922-40C1-8A58-F824BA2774AE}.dll_debug|x64.Build.0 = dll_debug|x64
		{5AF2E272-3922-40C1-8A58-F824BA2774AE}.dll_debug|x86.ActiveCfg = dll_debug|Win32
		{5AF2E272-3922-40C1-8A58-F824BA2774AE}.dll_debug|x86.Build.0 = dll_debug|Win32
		{5AF2E272-3922-40C1-8A58-F824BA2774AE}.dll_release|x64.ActiveCfg = dll_release|x64
		{5AF2E272-3922-40C1-8A58-F824BA2774AE}.dll_release|x64.Build.0 = dll_release|x64
		{5AF2E272-3922-40C1-8A58-F824BA2774AE}.dll_release|x86.ActiveCfg = dll_release|Win32
		{5AF2E272-3922-40C1-8A58-F824BA2774AE}.dll_release|x86.Build.0 = dll_release|Win32
		{5AF2E272-3922-40C1-8A58-F824BA2774AE}.lib_debug|x64.ActiveCfg = lib_debug|x64
		{5AF2E272-3922-40C1-8A58-F824BA2774AE}.lib_debug|x64.Build.0 = lib_debug|x64
		{5AF2E272-3922-40C1-8A58-F824BA2774AE}.lib_debug|x86.ActiveCfg = lib_debug|Win32
		{5AF2E272-3922-40C1-8A58-F824BA2774AE}.lib_debug|x86.Build.0 = lib_debug|Win32
		{5AF2E272-3922-40C1-8A58-F824BA2774AE}.lib_release|x64.ActiveCfg = lib_release|x64
		{5AF2E272-3922-40C1-8A58-F824BA2774AE}.lib_release|x64.Build.0 = lib_release|x64
		{5AF2E272-3922-40C1-8A58-F824BA2774AE}.lib_release|x86.ActiveCfg = lib_release|Win32
		{5AF2E272-3922-40C1-8A58-F824BA2774AE}.lib_release|x86.Build.0 = lib_release|Win32
		{7C7B0ABF-6757-4C5A-ABCB-85FA09C96399}.dll_debug|x64.ActiveCfg = dll_debug|x64
		{7C7B0ABF-6757-4C5A-ABCB-85FA09C96399}.dll_debug|x64.Build.0 = dll_debug|x64
		{7C7B0ABF-6757-4C5A-ABCB-85FA09C96399}.dll_debug|x86.ActiveCfg = dll_debug|Win32
		{7C7B0ABF-6757-4C5A-ABCB-85FA09C96399}.dll_debug|x86.Build.0 = dll_debug|Win32
		{7C7B0ABF-6757-4C5A-ABCB-85FA09C96399}.dll_release|x64.ActiveCfg = dll_release|x64
		{7C7B0ABF-6757-4C5A-ABCB-85FA09C96399}.dll_release|x64.Build.0 = dll_release|x64
		{7C7B0ABF-6757-4C5A-ABCB-85FA09C96399}.dll_release|x86.ActiveCfg = dll_release|Win32
		{7C7B0ABF-6757-4C5A-ABCB-85FA09C96399}.dll_release|x86.Build.0 = dll_release|Win32
		{7C7B0ABF-6757-4C5A-ABCB-85FA09C96399}.lib_debug|x64.ActiveCfg = lib_debug|x64
		{7C7B0ABF-6757-4C5A-ABCB-85FA09C96399}.lib_debug|x64.Build.0 = lib_debug|x64
		{7C7B0ABF-6757-4C5A-ABCB-85FA09C96399}.lib_debug|x86.ActiveCfg = lib_debug|Win32
		{7C7B0ABF-6757-4C5A-ABCB-85FA09C96399}.lib_debug|x86.Build.0 = lib_debug|Win32
		{7C7B0ABF-6757-4C5A-ABCB-85FA09C96399}.lib_release|x64.ActiveCfg = lib_release|x64
		{7C7B0ABF-6757-4C5A-ABCB-85FA09C96399}.lib_release|x64.Build.0 = lib_release|x64
		{7C7B0ABF-6757-4C5A-ABCB-85FA09C96399}.lib_release|x86.ActiveCfg = lib_release|Win32
		{7C7B0ABF-6757-4C5A-ABCB-85FA09C96399}.lib_release|x86.Build.0 = lib_release|Win32
		{04C7676C-CB7C-4D4A-BDD5-8F0F6C6BBEA4}.dll_debug|x64.ActiveCfg = dll_debug|x64
		{04C7676C-CB7C-4D4A-BDD5-8F0F6C6BBEA4}.dll_debug|x64.Build.0 = dll_debug|x64
		{04C7676C-CB7C-4D4A-BDD5-8F0F6C6BBEA4}.dll_debug|x86.ActiveCfg = dll_debug|Win32
		{04C7676C-CB7C-4D4A-BDD5-8F0F6C6BBEA4}.dll_debug|x86.Build.0 = dll_debug|Win32
		{04C7676C-CB7C-4D4A-BDD5-8F0F6C6BBEA4}.dll_release|x64.ActiveCfg = dll_release|x64
		{04C7676C-CB7C-4D4A-BDD5-8F0F6C6BBEA4}.dll_release|x64.Build.0 = dll_release|x64
		{04C7676C-CB7C-4D4A-BDD5-8F0F6C6BBEA4}.dll_release|x86.ActiveCfg = dll_release|Win32
		{04C7676C-CB7C-4D4A-BDD5-8F0F6C6BBEA4}.dll_release|x86.Build.0 = dll_release|Win32
		{04C7676C-CB7C-4D4A-BDD5-8F0F6C6BBEA4}.lib_debug|x64.ActiveCfg = lib_debug|x64
		{04C7676C-CB7C-4D4A-BDD5-8F0F6C6BBEA4}.lib_debug|x64.Build.0 = lib_debug|x64
		{04C7676C-CB7C-4D4A-BDD5-8F0F6C6BBEA4}.lib_debug|x86.ActiveCfg = lib_debug|Win32
		{04C7676C-CB7C-4D4A-BDD5-8F0F6C6BBEA4}.lib_debug|x86.Build.0 = lib_debug|Win32
		{04C7676C-CB7C-4D4A-BDD5-8F0F6C6BBEA4}.lib_release|x64.ActiveCfg = lib_release|x64
		{04C7676C-CB7C-4D4A-BDD5-8F0F6C6BBEA4}.lib_release|x64.Build.0 = lib_release|x64
		{04C7676C-CB7C-4D4A-BDD5-8F0F6C6BBEA4}.lib_release|x86.ActiveCfg = lib_release|Win32
		{04C7676C-CB7C-4D4A-BDD5-8F0F6C6BBEA4}.lib_release|x86.Build.0 = lib_release|Win32
		{6EE42070-83D0-426B-921F-9BF1992B1937}.dll_debug|x64.ActiveCfg = dll_debug|x64
		{6EE42070-83D0-426B-921F-9BF1992B1937}.dll_debug|x64.Build.0 = dll_debug|x64
		{6EE42070-83D0-426B-921F-9BF1992B1937}.dll_debug|x86.ActiveCfg = dll_debug|Win32
		{6EE42070-83D0-426B-921F-9BF1992B1937}.dll_debug|x86.Build.0 = dll_debug|Win32
		{6EE42070-83D0-426B-921F-9BF1992B1937}.dll_release|x64.ActiveCfg = dll_release|x64
		{6EE42070-83D0-426B-921F-9BF1992B1937}.dll_release|x64.Build.0 = dll_release|x64
		{6EE42070-83D0-426B-921F-9BF1992B1937}.dll_release|x86.ActiveCfg = dll_release|Win32
		{6EE42070-83D0-426B-921F-9BF1992B1937}.dll_release|x86.Build.0 = dll_release|Win32
		{6EE42070-83D0-426B-921F-9BF1992B1937}.lib_debug|x64.ActiveCfg = lib_debug|x64
		{6EE42070-83D0-426B-921F-9BF1992B1937}.lib_debug|x64.Build.0 = lib_debug|x64
		{6EE42070-83D0-426B-921F-9BF1992B1937}.lib_debug|x86.ActiveCfg = lib_debug|Win32
		{6EE42070-83D0-426B-921F-9BF1992B1937}.lib_debug|x86.Build.0 = lib_debug|Win32
		{6EE42070-83D0-426B-921F-9BF1992B1937}.lib_release|x64.ActiveCfg = lib_release|x64
		{6EE42070-83D0-426B-921F-9BF1992B1937}.lib_release|x64.Build.0 = lib_release|x64
		{6EE42070-83D0-426B-921F-9BF1992B1937}.lib_release|x86.ActiveCfg = lib_release|Win32
		{6EE42070-83D0-426B-921F-9BF1992B1937}.lib_release|x86.Build.0 = lib_release|Win32
		{51220959-5B32-411A-ABB5-FB838478DEEE}.dll_debug|x64.ActiveCfg = dll_debug|x64
		{51220959-5B32-411A-ABB5-FB838478DEEE}.dll_debug|x64.Build.0 = dll_debug|x64
		{51220959-5B32-411A-ABB5-FB838478DEEE}.dll_debug|x86.ActiveCfg = dll_debug|Win32
		{51220959-5B32-411A-ABB5-FB838478DEEE}.dll_debug|x86.Build.0 = dll_debug|Win32
		{51220959-5B32-411A-ABB5-FB838478DEEE}.dll_release|x64.ActiveCfg = dll_release|x64
		{51220959-5B32-411A-ABB5-FB838478DEEE}.dll_release|x64.Build.0 = dll_release|x64
		{51220959-5B32-411A-ABB5-FB838478DEEE}.dll_release|x86.ActiveCfg = dll_release|Win32
		{51220959-5B32-411A-ABB5-FB838478DEEE}.dll_release|x86.Build.0 = dll_release|Win32
		{51220959-5B32-411A-ABB5-FB838478DEEE}.lib_debug|x64.ActiveCfg = lib_debug|x64
		{51220959-5B32-411A-ABB5-FB838478DEEE}.lib_debug|x64.Build.0 = lib_debug|x64
		{51220959-5B32-411A-ABB5-FB838478DEEE}.lib_debug|x86.ActiveCfg = lib_debug|Win32
		{51220959-5B32-411A-ABB5-FB838478DEEE}.lib_debug|x86.Build.0 = lib_debug|Win32
		{51220959-5B32-411A-ABB5-FB838478DEEE}.lib_release|x64.ActiveCfg = lib_release|x64
		{51220959-5B32-411A-ABB5-FB838478DEEE}.lib_release|x64.Build.0 = lib_release|x64
		{51220959-5B32-411A-ABB5-FB838478DEEE}.lib_release|x86.ActiveCfg = lib_release|Win32
		{51220959-5B32-411A-ABB5-FB838478DEEE}.lib_release|x86.Build.0 = lib_release|Win32
		{73E3DF74-8654-42EF-B645-F3ADF45EABD7}.dll_debug|x64.ActiveCfg = dll_debug|x64
		{73E3DF74-8654-42EF-B645-F3ADF45EABD7}.dll_debug|x64.Build.0 = dll_debug|x64
		{73E3DF74-8654-42EF-B645-F3ADF45EABD7}.dll_debug|x86.ActiveCfg = dll_debug|Win32
		{73E3DF74-8654-42EF-B645-F3ADF45EABD7}.dll_debug|x86.Build.0 = dll_debug|Win32
		{73E3DF74-8654-42EF-B645-F3ADF45EABD7}.dll_release|x64.ActiveCfg = dll_release|x64
		{73E3DF74-8654-42EF-B645-F3ADF45EABD7}.dll_release|x64.Build.0 = dll_release|x64
		{73E3DF74-8654-42EF-B645-F3ADF45EABD7}.dll_release|x86.ActiveCfg = dll_release|Win32
		{73E3DF74-8654-42EF-B645-F3ADF45EABD7}.dll_release|x86.Build.0 = dll_release|Win32
		{73E3DF74-8654-42EF-B645-F3ADF45EABD7}.lib_debug|x64.ActiveCfg = lib_debug|x64
		{73E3DF74-8654-42EF-B645-F3ADF45EABD7}.lib_debug|x64.Build.0 = lib_debug|x64
		{73E3DF74-8654-42EF-B645-F3ADF45EABD7}.lib_debug|x86.ActiveCfg = lib_debug|Win32
		{73E3DF74-8654-42EF-B645-F3ADF45EABD7}.lib_debug|x86.Build.0 = lib_debug|Win32
		{73E3DF74-8654-42EF-B645-F3ADF45EABD7}.lib_release|x64.ActiveCfg = lib_release|x64
		{73E3DF74-8654-42EF-B645-F3ADF45EABD7}.lib_release|x64.Build.0 = lib_release|x64
		{73E3DF74-8654-42EF-B645-F3ADF45EABD7}.lib_release|x86.ActiveCfg = lib_release|Win32
		{73E3DF74-8654-42EF-B645-F3ADF45EABD7}.lib_release|x86.Build.0 = lib_release|Win32
	EndGlobalSection
	GlobalSection(SolutionProperties) = preSolution
		HideSolutionNode = FALSE
	EndGlobalSection
	GlobalSection(ExtensibilityGlobals) = postSolution
		SolutionGuid = {C2B31682-2799-4CD1-8872-ACFF0F3E2CE5}
	EndGlobalSection
EndGlobal
